
Microsoft Visual Studio Solution File, Format Version 12.00
# Visual Studio 15
VisualStudioVersion = 15.0.28307.421
MinimumVisualStudioVersion = 10.0.40219.1
Project("{FAE04EC0-301F-11D3-BF4B-00C04F79EFBC}") = "ServerKitConsole", "ServerKitConsole\ServerKitConsole.csproj", "{79198125-9484-461B-85C7-B43357A83187}"
EndProject
Global
	GlobalSection(SolutionConfigurationPlatforms) = preSolution
		Debug|Any CPU = Debug|Any CPU
		Release|Any CPU = Release|Any CPU
	EndGlobalSection
	GlobalSection(ProjectConfigurationPlatforms) = postSolution
		{79198125-9484-461B-85C7-B43357A83187}.Debug|Any CPU.ActiveCfg = Debug|Any CPU
		{79198125-9484-461B-85C7-B43357A83187}.Debug|Any CPU.Build.0 = Debug|Any CPU
		{79198125-9484-461B-85C7-B43357A83187}.Release|Any CPU.ActiveCfg = Release|Any CPU
		{79198125-9484-461B-85C7-B43357A83187}.Release|Any CPU.Build.0 = Release|Any CPU
	EndGlobalSection
	GlobalSection(SolutionProperties) = preSolution
		HideSolutionNode = FALSE
	EndGlobalSection
	GlobalSection(ExtensibilityGlobals) = postSolution
		SolutionGuid = {CF3EAB0F-2EFC-4775-BF3D-2755C6D9DFC1}
	EndGlobalSection
EndGlobal
